
Microsoft Visual Studio Solution File, Format Version 11.00
# Visual Studio 2010
Project("{2150E333-8FDC-42A3-9474-1A3956D46DE8}") = "AddIn", "AddIn", "{16F57F9B-5D05-4D4C-842B-C3F4FCCD5403}"
EndProject
Project("{2150E333-8FDC-42A3-9474-1A3956D46DE8}") = "AddIn.Tests", "AddIn.Tests", "{364B9413-FB7F-4C8F-971C-D22B1BF7C228}"
EndProject
Project("{F2A71F9B-5D33-465A-A702-920D77279786}") = "Ast", "Ast\Ast.fsproj", "{82D936E2-AB11-4AFA-9A8B-5C0A97C54F2C}"
EndProject
Project("{2150E333-8FDC-42A3-9474-1A3956D46DE8}") = "ThirdParty", "ThirdParty", "{DCAECB19-042A-4DD3-9C3B-2965E9FAD41F}"
	ProjectSection(SolutionItems) = preProject
		ThirdParty\license.txt = ThirdParty\license.txt
		ThirdParty\VsSDK_sfx.zip = ThirdParty\VsSDK_sfx.zip
	EndProjectSection
EndProject
Project("{2150E333-8FDC-42A3-9474-1A3956D46DE8}") = "Microsoft.FSharp.Compiler.Sources", "Microsoft.FSharp.Compiler.Sources", "{FDE3D566-DF9B-44DB-862C-8C5568EB4993}"
EndProject
Project("{F2A71F9B-5D33-465A-A702-920D77279786}") = "FSharpCompiler", "Microsoft.FSharpCompiler.Sources\FSharpCompiler\FSharpCompiler.fsproj", "{3A2627B6-4909-4820-9A25-DF6BC99A12A7}"
EndProject
Project("{2150E333-8FDC-42A3-9474-1A3956D46DE8}") = "Tools", "Tools", "{F763C0B0-C2B9-48A7-84CB-65C1FF235730}"
	ProjectSection(SolutionItems) = preProject
		Microsoft.FSharpCompiler.Sources\FSharp.SRGen.Build.Tasks.dll = Microsoft.FSharpCompiler.Sources\FSharp.SRGen.Build.Tasks.dll
		Microsoft.FSharpCompiler.Sources\FSharp.SRGen.Build.Tasks.dll.config = Microsoft.FSharpCompiler.Sources\FSharp.SRGen.Build.Tasks.dll.config
		Microsoft.FSharpCompiler.Sources\FSharp.SRGen.targets = Microsoft.FSharpCompiler.Sources\FSharp.SRGen.targets
		Microsoft.FSharpCompiler.Sources\FsSrGen.exe = Microsoft.FSharpCompiler.Sources\FsSrGen.exe
		Microsoft.FSharpCompiler.Sources\FsSrGen.exe.config = Microsoft.FSharpCompiler.Sources\FsSrGen.exe.config
	EndProjectSection
EndProject
Project("{F2A71F9B-5D33-465A-A702-920D77279786}") = "FSharpCompilerExt", "FSharpCompilerExt\FSharpCompilerExt.fsproj", "{6C7C81DA-105A-407F-A8AE-72EA4AC2A221}"
EndProject
Project("{F2A71F9B-5D33-465A-A702-920D77279786}") = "FSharpCompilerExtTests", "FSharpCompilerExtTests\FSharpCompilerExtTests.fsproj", "{7ABC590B-AA0D-4162-868E-DAB318847717}"
EndProject
Project("{F2A71F9B-5D33-465A-A702-920D77279786}") = "FSharpRefactor", "FSharpRefactor\FSharpRefactor.fsproj", "{23C87110-7BF5-4E92-A91C-61E8E63F5947}"
EndProject
Project("{F2A71F9B-5D33-465A-A702-920D77279786}") = "FSharpRefactorTests", "FSharpRefactorTests\FSharpRefactorTests.fsproj", "{A6CA343D-D9EA-4798-970A-AB4CBAC8EEF6}"
EndProject
Project("{2150E333-8FDC-42A3-9474-1A3956D46DE8}") = "Documents", "Documents", "{C04CA249-9DDA-40FD-9DB6-DCEF1A95834C}"
	ProjectSection(SolutionItems) = preProject
		License.htm = License.htm
	EndProjectSection
EndProject
Project("{FAE04EC0-301F-11D3-BF4B-00C04F79EFBC}") = "FSharpRefactorAddin", "FSharpRefactorAddin\FSharpRefactorAddin.csproj", "{BAA71C37-BF93-42F9-8FC9-6C122C736525}"
EndProject
Global
	GlobalSection(TeamFoundationVersionControl) = preSolution
		SccNumberOfProjects = 8
		SccEnterpriseProvider = {4CA58AB2-18FA-4F8D-95D4-32DDF27D184C}
		SccTeamFoundationServer = https://tfs.codeplex.com/tfs/tfs02
		SccLocalPath0 = .
		SccProjectUniqueName1 = Ast\\Ast.fsproj
		SccProjectTopLevelParentUniqueName1 = FSharpRefactor.sln
		SccProjectName1 = Ast
		SccLocalPath1 = Ast
		SccProjectUniqueName2 = Microsoft.FSharpCompiler.Sources\\FSharpCompiler\\FSharpCompiler.fsproj
		SccProjectTopLevelParentUniqueName2 = FSharpRefactor.sln
		SccProjectName2 = Microsoft.FSharpCompiler.Sources/FSharpCompiler
		SccLocalPath2 = Microsoft.FSharpCompiler.Sources\\FSharpCompiler
		SccProjectUniqueName3 = FSharpCompilerExt\\FSharpCompilerExt.fsproj
		SccProjectTopLevelParentUniqueName3 = FSharpRefactor.sln
		SccProjectName3 = FSharpCompilerExt
		SccLocalPath3 = FSharpCompilerExt
		SccProjectUniqueName4 = FSharpCompilerExtTests\\FSharpCompilerExtTests.fsproj
		SccProjectTopLevelParentUniqueName4 = FSharpRefactor.sln
		SccProjectName4 = FSharpCompilerExtTests
		SccLocalPath4 = FSharpCompilerExtTests
		SccProjectUniqueName5 = FSharpRefactor\\FSharpRefactor.fsproj
		SccProjectTopLevelParentUniqueName5 = FSharpRefactor.sln
		SccProjectName5 = FSharpRefactor
		SccLocalPath5 = FSharpRefactor
		SccProjectUniqueName6 = FSharpRefactorTests\\FSharpRefactorTests.fsproj
		SccProjectTopLevelParentUniqueName6 = FSharpRefactor.sln
		SccProjectName6 = FSharpRefactorTests
		SccLocalPath6 = FSharpRefactorTests
		SccProjectUniqueName7 = FSharpRefactorAddin\\FSharpRefactorAddin.csproj
		SccProjectTopLevelParentUniqueName7 = FSharpRefactor.sln
		SccProjectName7 = FSharpRefactorAddin
		SccLocalPath7 = FSharpRefactorAddin
	EndGlobalSection
	GlobalSection(SolutionConfigurationPlatforms) = preSolution
		Debug|Any CPU = Debug|Any CPU
		Debug|Mixed Platforms = Debug|Mixed Platforms
		Debug|x86 = Debug|x86
		Release|Any CPU = Release|Any CPU
		Release|Mixed Platforms = Release|Mixed Platforms
		Release|x86 = Release|x86
	EndGlobalSection
	GlobalSection(ProjectConfigurationPlatforms) = postSolution
		{82D936E2-AB11-4AFA-9A8B-5C0A97C54F2C}.Debug|Any CPU.ActiveCfg = Debug|Any CPU
		{82D936E2-AB11-4AFA-9A8B-5C0A97C54F2C}.Debug|Any CPU.Build.0 = Debug|Any CPU
		{82D936E2-AB11-4AFA-9A8B-5C0A97C54F2C}.Debug|Mixed Platforms.ActiveCfg = Debug|Any CPU
		{82D936E2-AB11-4AFA-9A8B-5C0A97C54F2C}.Debug|Mixed Platforms.Build.0 = Debug|Any CPU
		{82D936E2-AB11-4AFA-9A8B-5C0A97C54F2C}.Debug|x86.ActiveCfg = Debug|Any CPU
		{82D936E2-AB11-4AFA-9A8B-5C0A97C54F2C}.Release|Any CPU.ActiveCfg = Release|Any CPU
		{82D936E2-AB11-4AFA-9A8B-5C0A97C54F2C}.Release|Any CPU.Build.0 = Release|Any CPU
		{82D936E2-AB11-4AFA-9A8B-5C0A97C54F2C}.Release|Mixed Platforms.ActiveCfg = Release|Any CPU
		{82D936E2-AB11-4AFA-9A8B-5C0A97C54F2C}.Release|Mixed Platforms.Build.0 = Release|Any CPU
		{82D936E2-AB11-4AFA-9A8B-5C0A97C54F2C}.Release|x86.ActiveCfg = Release|Any CPU
		{3A2627B6-4909-4820-9A25-DF6BC99A12A7}.Debug|Any CPU.ActiveCfg = Debug|x86
		{3A2627B6-4909-4820-9A25-DF6BC99A12A7}.Debug|Mixed Platforms.ActiveCfg = Debug|x86
		{3A2627B6-4909-4820-9A25-DF6BC99A12A7}.Debug|Mixed Platforms.Build.0 = Debug|x86
		{3A2627B6-4909-4820-9A25-DF6BC99A12A7}.Debug|x86.ActiveCfg = Debug|x86
		{3A2627B6-4909-4820-9A25-DF6BC99A12A7}.Debug|x86.Build.0 = Debug|x86
		{3A2627B6-4909-4820-9A25-DF6BC99A12A7}.Release|Any CPU.ActiveCfg = Release|x86
		{3A2627B6-4909-4820-9A25-DF6BC99A12A7}.Release|Mixed Platforms.ActiveCfg = Release|x86
		{3A2627B6-4909-4820-9A25-DF6BC99A12A7}.Release|Mixed Platforms.Build.0 = Release|x86
		{3A2627B6-4909-4820-9A25-DF6BC99A12A7}.Release|x86.ActiveCfg = Release|x86
		{3A2627B6-4909-4820-9A25-DF6BC99A12A7}.Release|x86.Build.0 = Release|x86
		{6C7C81DA-105A-407F-A8AE-72EA4AC2A221}.Debug|Any CPU.ActiveCfg = Debug|Any CPU
		{6C7C81DA-105A-407F-A8AE-72EA4AC2A221}.Debug|Any CPU.Build.0 = Debug|Any CPU
		{6C7C81DA-105A-407F-A8AE-72EA4AC2A221}.Debug|Mixed Platforms.ActiveCfg = Debug|Any CPU
		{6C7C81DA-105A-407F-A8AE-72EA4AC2A221}.Debug|Mixed Platforms.Build.0 = Debug|Any CPU
		{6C7C81DA-105A-407F-A8AE-72EA4AC2A221}.Debug|x86.ActiveCfg = Debug|Any CPU
		{6C7C81DA-105A-407F-A8AE-72EA4AC2A221}.Release|Any CPU.ActiveCfg = Release|Any CPU
		{6C7C81DA-105A-407F-A8AE-72EA4AC2A221}.Release|Any CPU.Build.0 = Release|Any CPU
		{6C7C81DA-105A-407F-A8AE-72EA4AC2A221}.Release|Mixed Platforms.ActiveCfg = Release|Any CPU
		{6C7C81DA-105A-407F-A8AE-72EA4AC2A221}.Release|Mixed Platforms.Build.0 = Release|Any CPU
		{6C7C81DA-105A-407F-A8AE-72EA4AC2A221}.Release|x86.ActiveCfg = Release|Any CPU
		{7ABC590B-AA0D-4162-868E-DAB318847717}.Debug|Any CPU.ActiveCfg = Debug|Any CPU
		{7ABC590B-AA0D-4162-868E-DAB318847717}.Debug|Any CPU.Build.0 = Debug|Any CPU
		{7ABC590B-AA0D-4162-868E-DAB318847717}.Debug|Mixed Platforms.ActiveCfg = Debug|Any CPU
		{7ABC590B-AA0D-4162-868E-DAB318847717}.Debug|Mixed Platforms.Build.0 = Debug|Any CPU
		{7ABC590B-AA0D-4162-868E-DAB318847717}.Debug|x86.ActiveCfg = Debug|Any CPU
		{7ABC590B-AA0D-4162-868E-DAB318847717}.Release|Any CPU.ActiveCfg = Release|Any CPU
		{7ABC590B-AA0D-4162-868E-DAB318847717}.Release|Any CPU.Build.0 = Release|Any CPU
		{7ABC590B-AA0D-4162-868E-DAB318847717}.Release|Mixed Platforms.ActiveCfg = Release|Any CPU
		{7ABC590B-AA0D-4162-868E-DAB318847717}.Release|Mixed Platforms.Build.0 = Release|Any CPU
		{7ABC590B-AA0D-4162-868E-DAB318847717}.Release|x86.ActiveCfg = Release|Any CPU
		{23C87110-7BF5-4E92-A91C-61E8E63F5947}.Debug|Any CPU.ActiveCfg = Debug|Any CPU
		{23C87110-7BF5-4E92-A91C-61E8E63F5947}.Debug|Any CPU.Build.0 = Debug|Any CPU
		{23C87110-7BF5-4E92-A91C-61E8E63F5947}.Debug|Mixed Platforms.ActiveCfg = Debug|Any CPU
		{23C87110-7BF5-4E92-A91C-61E8E63F5947}.Debug|Mixed Platforms.Build.0 = Debug|Any CPU
		{23C87110-7BF5-4E92-A91C-61E8E63F5947}.Debug|x86.ActiveCfg = Debug|Any CPU
		{23C87110-7BF5-4E92-A91C-61E8E63F5947}.Release|Any CPU.ActiveCfg = Release|Any CPU
		{23C87110-7BF5-4E92-A91C-61E8E63F5947}.Release|Any CPU.Build.0 = Release|Any CPU
		{23C87110-7BF5-4E92-A91C-61E8E63F5947}.Release|Mixed Platforms.ActiveCfg = Release|Any CPU
		{23C87110-7BF5-4E92-A91C-61E8E63F5947}.Release|Mixed Platforms.Build.0 = Release|Any CPU
		{23C87110-7BF5-4E92-A91C-61E8E63F5947}.Release|x86.ActiveCfg = Release|Any CPU
		{A6CA343D-D9EA-4798-970A-AB4CBAC8EEF6}.Debug|Any CPU.ActiveCfg = Debug|Any CPU
		{A6CA343D-D9EA-4798-970A-AB4CBAC8EEF6}.Debug|Any CPU.Build.0 = Debug|Any CPU
		{A6CA343D-D9EA-4798-970A-AB4CBAC8EEF6}.Debug|Mixed Platforms.ActiveCfg = Debug|Any CPU
		{A6CA343D-D9EA-4798-970A-AB4CBAC8EEF6}.Debug|Mixed Platforms.Build.0 = Debug|Any CPU
		{A6CA343D-D9EA-4798-970A-AB4CBAC8EEF6}.Debug|x86.ActiveCfg = Debug|Any CPU
		{A6CA343D-D9EA-4798-970A-AB4CBAC8EEF6}.Release|Any CPU.ActiveCfg = Release|Any CPU
		{A6CA343D-D9EA-4798-970A-AB4CBAC8EEF6}.Release|Any CPU.Build.0 = Release|Any CPU
		{A6CA343D-D9EA-4798-970A-AB4CBAC8EEF6}.Release|Mixed Platforms.ActiveCfg = Release|Any CPU
		{A6CA343D-D9EA-4798-970A-AB4CBAC8EEF6}.Release|Mixed Platforms.Build.0 = Release|Any CPU
		{A6CA343D-D9EA-4798-970A-AB4CBAC8EEF6}.Release|x86.ActiveCfg = Release|Any CPU
		{BAA71C37-BF93-42F9-8FC9-6C122C736525}.Debug|Any CPU.ActiveCfg = Debug|Any CPU
		{BAA71C37-BF93-42F9-8FC9-6C122C736525}.Debug|Any CPU.Build.0 = Debug|Any CPU
		{BAA71C37-BF93-42F9-8FC9-6C122C736525}.Debug|Mixed Platforms.ActiveCfg = Debug|Any CPU
		{BAA71C37-BF93-42F9-8FC9-6C122C736525}.Debug|Mixed Platforms.Build.0 = Debug|Any CPU
		{BAA71C37-BF93-42F9-8FC9-6C122C736525}.Debug|x86.ActiveCfg = Debug|Any CPU
		{BAA71C37-BF93-42F9-8FC9-6C122C736525}.Release|Any CPU.ActiveCfg = Release|Any CPU
		{BAA71C37-BF93-42F9-8FC9-6C122C736525}.Release|Any CPU.Build.0 = Release|Any CPU
		{BAA71C37-BF93-42F9-8FC9-6C122C736525}.Release|Mixed Platforms.ActiveCfg = Release|Any CPU
		{BAA71C37-BF93-42F9-8FC9-6C122C736525}.Release|Mixed Platforms.Build.0 = Release|Any CPU
		{BAA71C37-BF93-42F9-8FC9-6C122C736525}.Release|x86.ActiveCfg = Release|Any CPU
	EndGlobalSection
	GlobalSection(SolutionProperties) = preSolution
		HideSolutionNode = FALSE
	EndGlobalSection
	GlobalSection(NestedProjects) = preSolution
		{82D936E2-AB11-4AFA-9A8B-5C0A97C54F2C} = {16F57F9B-5D05-4D4C-842B-C3F4FCCD5403}
		{6C7C81DA-105A-407F-A8AE-72EA4AC2A221} = {16F57F9B-5D05-4D4C-842B-C3F4FCCD5403}
		{23C87110-7BF5-4E92-A91C-61E8E63F5947} = {16F57F9B-5D05-4D4C-842B-C3F4FCCD5403}
		{BAA71C37-BF93-42F9-8FC9-6C122C736525} = {16F57F9B-5D05-4D4C-842B-C3F4FCCD5403}
		{7ABC590B-AA0D-4162-868E-DAB318847717} = {364B9413-FB7F-4C8F-971C-D22B1BF7C228}
		{A6CA343D-D9EA-4798-970A-AB4CBAC8EEF6} = {364B9413-FB7F-4C8F-971C-D22B1BF7C228}
		{3A2627B6-4909-4820-9A25-DF6BC99A12A7} = {FDE3D566-DF9B-44DB-862C-8C5568EB4993}
		{F763C0B0-C2B9-48A7-84CB-65C1FF235730} = {FDE3D566-DF9B-44DB-862C-8C5568EB4993}
	EndGlobalSection
EndGlobal
